github.com/google/uuid v1.6.0 h1:NIvaJDMOsjHA8n1jAhLSgzrAzy1Hgr+hNrb57e+94F0=
github.com/google/uuid v1.6.0/go.mod h1:TIyPZe4MgqvfeYDBFedMoGGpEw/LqOeaOT+nhxU+yHo=
golang.org/x/sync v0.10.0 h1:3NQrjDixjgGwUOCaF8w2+VYHv0Ve/vGYSbdkTa98gmQ=
golang.org/x/sync v0.10.0/go.mod h1:Czt+wKu1gCyEFDUtn0jG5QVvpJ6rzVqr5aXyt9drQfk=
golang.org/x/text v0.21.0 h1:zyQAAkrwaneQ066sspRyJaG9VNi/YJ1NfzcGB3hZ/qo=
golang.org/x/text v0.21.0/go.mod h1:4IBbMaMmOPCJ8SecivzSH54+73PCFmPWxNTLm+vZkEQ=
maragu.dev/gomponents v1.0.0 h1:eeLScjq4PqP1l+r5z/GC+xXZhLHXa6RWUWGW7gSfLh4=
maragu.dev/gomponents v1.0.0/go.mod h1:oEDahza2gZoXDoDHhw8jBNgH+3UR5ni7Ur648HORydM=
maragu.dev/gomponents-htmx v0.6.1 h1:vXXOkvqEDKYxSwD1UwqmVp12YwFSuM6u8lsRn7Evyng=
maragu.dev/gomponents-htmx v0.6.1/go.mod h1:51nXX+dTGff3usM7AJvbeOcQjzjpSycod+60CYeEP/M=
